<?xml version="1.0" encoding="utf-8"?>
<Project ToolsVersion="4.0" xmlns="http://schemas.microsoft.com/developer/msbuild/2003">
	<ItemGroup>
		<Filter Include="include">
			<UniqueIdentifier>{0345EDC8-5CDC-E146-B9F5-574A344AD7AF}</UniqueIdentifier>
		</Filter>
		<Filter Include="include\glutil">
			<UniqueIdentifier>{4D5A5737-103C-4E40-9BA3-52C8C04BFDD0}</UniqueIdentifier>
		</Filter>
		<Filter Include="source">
			<UniqueIdentifier>{B12ED665-9887-F843-B2B6-5AE6905300FA}</UniqueIdentifier>
		</Filter>
	</ItemGroup>
	<ItemGroup>
		<ClInclude Include="include\glutil\Debug.h">
			<Filter>include\glutil</Filter>
		</ClInclude>
		<ClInclude Include="include\glutil\glutil.h">
			<Filter>include\glutil</Filter>
		</ClInclude>
		<ClInclude Include="include\glutil\MatrixStack.h">
			<Filter>include\glutil</Filter>
		</ClInclude>
		<ClInclude Include="include\glutil\MousePoles.h">
			<Filter>include\glutil</Filter>
		</ClInclude>
		<ClInclude Include="include\glutil\Shader.h">
			<Filter>include\glutil</Filter>
		</ClInclude>
		<ClInclude Include="include\glutil\WindowPos.h">
			<Filter>include\glutil</Filter>
		</ClInclude>
	</ItemGroup>
	<ItemGroup>
		<ClCompile Include="source\Debug.cpp">
			<Filter>source</Filter>
		</ClCompile>
		<ClCompile Include="source\MatrixStack.cpp">
			<Filter>source</Filter>
		</ClCompile>
		<ClCompile Include="source\MousePoles.cpp">
			<Filter>source</Filter>
		</ClCompile>
		<ClCompile Include="source\Shader.cpp">
			<Filter>source</Filter>
		</ClCompile>
		<ClCompile Include="source\WindowPos.cpp">
			<Filter>source</Filter>
		</ClCompile>
	</ItemGroup>
</Project>
