
Microsoft Visual Studio Solution File, Format Version 11.00
# Visual Studio 2010
Project("{8BC9CEB8-8B4A-11D0-8D11-00A0C91BC942}") = "StarGame", "StarGame\StarGame.vcxproj", "{8A802BF6-FBD4-463F-BAA2-AA3AC7D619A4}"
	ProjectSection(ProjectDependencies) = postProject
		{F4D5FA3D-2A08-5146-A354-4B4F0729A6E3} = {F4D5FA3D-2A08-5146-A354-4B4F0729A6E3}
		{F0ACC795-F7C6-4CEE-840D-A17BC02D7141} = {F0ACC795-F7C6-4CEE-840D-A17BC02D7141}
	EndProjectSection
EndProject
Project("{8BC9CEB8-8B4A-11D0-8D11-00A0C91BC942}") = "framework", "framework\framework.vcxproj", "{F4D5FA3D-2A08-5146-A354-4B4F0729A6E3}"
EndProject
Project("{8BC9CEB8-8B4A-11D0-8D11-00A0C91BC942}") = "Entities", "Entities\Entities.vcxproj", "{0E2397AC-13F2-4A38-92C7-8FD02A24C17E}"
	ProjectSection(ProjectDependencies) = postProject
		{DD6314D9-02E5-4DAA-B229-CDCE18221633} = {DD6314D9-02E5-4DAA-B229-CDCE18221633}
	EndProjectSection
EndProject
Project("{8BC9CEB8-8B4A-11D0-8D11-00A0C91BC942}") = "ProgramData", "ProgramData\ProgramData.vcxproj", "{B5F4F13F-30DC-4003-B0EE-64718ED4B5EC}"
EndProject
Project("{8BC9CEB8-8B4A-11D0-8D11-00A0C91BC942}") = "Camera", "Camera\Camera.vcxproj", "{4ABDF53A-0E59-4A3A-BB81-53AFFDEA813B}"
EndProject
Project("{8BC9CEB8-8B4A-11D0-8D11-00A0C91BC942}") = "Mouse", "Mouse\Mouse.vcxproj", "{854D03A0-F808-4790-AAB3-A1842B8DFEED}"
EndProject
Project("{8BC9CEB8-8B4A-11D0-8D11-00A0C91BC942}") = "Audio", "Audio\Audio.vcxproj", "{DD6314D9-02E5-4DAA-B229-CDCE18221633}"
EndProject
Project("{8BC9CEB8-8B4A-11D0-8D11-00A0C91BC942}") = "GUISystem", "GUISystem\GUISystem.vcxproj", "{06DBBF6B-B713-4370-BEE5-C2810CF7026D}"
EndProject
Project("{8BC9CEB8-8B4A-11D0-8D11-00A0C91BC942}") = "AssetLoader", "AssetLoader\AssetLoader.vcxproj", "{F0ACC795-F7C6-4CEE-840D-A17BC02D7141}"
	ProjectSection(ProjectDependencies) = postProject
		{06DBBF6B-B713-4370-BEE5-C2810CF7026D} = {06DBBF6B-B713-4370-BEE5-C2810CF7026D}
	EndProjectSection
EndProject
Project("{8BC9CEB8-8B4A-11D0-8D11-00A0C91BC942}") = "Scene", "Scene\Scene.vcxproj", "{B8817648-5808-4483-B39D-55AD9C180086}"
	ProjectSection(ProjectDependencies) = postProject
		{A35D6336-E27F-47C8-BD8C-356F97DC2846} = {A35D6336-E27F-47C8-BD8C-356F97DC2846}
		{F4D5FA3D-2A08-5146-A354-4B4F0729A6E3} = {F4D5FA3D-2A08-5146-A354-4B4F0729A6E3}
	EndProjectSection
EndProject
Project("{8BC9CEB8-8B4A-11D0-8D11-00A0C91BC942}") = "Fusion", "Fusion\Fusion.vcxproj", "{A35D6336-E27F-47C8-BD8C-356F97DC2846}"
EndProject
Project("{8BC9CEB8-8B4A-11D0-8D11-00A0C91BC942}") = "ParticleEngine", "ParticleEngine\ParticleEngine.vcxproj", "{2E742CE0-402C-476E-8974-BAD3F5967057}"
EndProject
Project("{8BC9CEB8-8B4A-11D0-8D11-00A0C91BC942}") = "EntitySystem", "EntitySystem\EntitySystem.vcxproj", "{ABA94309-DE2C-4503-9096-230F9159773E}"
EndProject
Global
	GlobalSection(TestCaseManagementSettings) = postSolution
		CategoryFile = StarGame.vsmdi
	EndGlobalSection
	GlobalSection(SolutionConfigurationPlatforms) = preSolution
		Debug|Win32 = Debug|Win32
		Release|Win32 = Release|Win32
	EndGlobalSection
	GlobalSection(ProjectConfigurationPlatforms) = postSolution
		{8A802BF6-FBD4-463F-BAA2-AA3AC7D619A4}.Debug|Win32.ActiveCfg = Debug|Win32
		{8A802BF6-FBD4-463F-BAA2-AA3AC7D619A4}.Debug|Win32.Build.0 = Debug|Win32
		{8A802BF6-FBD4-463F-BAA2-AA3AC7D619A4}.Release|Win32.ActiveCfg = Release|Win32
		{8A802BF6-FBD4-463F-BAA2-AA3AC7D619A4}.Release|Win32.Build.0 = Release|Win32
		{F4D5FA3D-2A08-5146-A354-4B4F0729A6E3}.Debug|Win32.ActiveCfg = Debug|Win32
		{F4D5FA3D-2A08-5146-A354-4B4F0729A6E3}.Debug|Win32.Build.0 = Debug|Win32
		{F4D5FA3D-2A08-5146-A354-4B4F0729A6E3}.Release|Win32.ActiveCfg = Release|Win32
		{F4D5FA3D-2A08-5146-A354-4B4F0729A6E3}.Release|Win32.Build.0 = Release|Win32
		{0E2397AC-13F2-4A38-92C7-8FD02A24C17E}.Debug|Win32.ActiveCfg = Debug|Win32
		{0E2397AC-13F2-4A38-92C7-8FD02A24C17E}.Debug|Win32.Build.0 = Debug|Win32
		{0E2397AC-13F2-4A38-92C7-8FD02A24C17E}.Release|Win32.ActiveCfg = Release|Win32
		{0E2397AC-13F2-4A38-92C7-8FD02A24C17E}.Release|Win32.Build.0 = Release|Win32
		{B5F4F13F-30DC-4003-B0EE-64718ED4B5EC}.Debug|Win32.ActiveCfg = Debug|Win32
		{B5F4F13F-30DC-4003-B0EE-64718ED4B5EC}.Debug|Win32.Build.0 = Debug|Win32
		{B5F4F13F-30DC-4003-B0EE-64718ED4B5EC}.Release|Win32.ActiveCfg = Release|Win32
		{B5F4F13F-30DC-4003-B0EE-64718ED4B5EC}.Release|Win32.Build.0 = Release|Win32
		{4ABDF53A-0E59-4A3A-BB81-53AFFDEA813B}.Debug|Win32.ActiveCfg = Debug|Win32
		{4ABDF53A-0E59-4A3A-BB81-53AFFDEA813B}.Debug|Win32.Build.0 = Debug|Win32
		{4ABDF53A-0E59-4A3A-BB81-53AFFDEA813B}.Release|Win32.ActiveCfg = Release|Win32
		{4ABDF53A-0E59-4A3A-BB81-53AFFDEA813B}.Release|Win32.Build.0 = Release|Win32
		{854D03A0-F808-4790-AAB3-A1842B8DFEED}.Debug|Win32.ActiveCfg = Debug|Win32
		{854D03A0-F808-4790-AAB3-A1842B8DFEED}.Debug|Win32.Build.0 = Debug|Win32
		{854D03A0-F808-4790-AAB3-A1842B8DFEED}.Release|Win32.ActiveCfg = Release|Win32
		{854D03A0-F808-4790-AAB3-A1842B8DFEED}.Release|Win32.Build.0 = Release|Win32
		{DD6314D9-02E5-4DAA-B229-CDCE18221633}.Debug|Win32.ActiveCfg = Debug|Win32
		{DD6314D9-02E5-4DAA-B229-CDCE18221633}.Debug|Win32.Build.0 = Debug|Win32
		{DD6314D9-02E5-4DAA-B229-CDCE18221633}.Release|Win32.ActiveCfg = Release|Win32
		{DD6314D9-02E5-4DAA-B229-CDCE18221633}.Release|Win32.Build.0 = Release|Win32
		{06DBBF6B-B713-4370-BEE5-C2810CF7026D}.Debug|Win32.ActiveCfg = Debug|Win32
		{06DBBF6B-B713-4370-BEE5-C2810CF7026D}.Debug|Win32.Build.0 = Debug|Win32
		{06DBBF6B-B713-4370-BEE5-C2810CF7026D}.Release|Win32.ActiveCfg = Release|Win32
		{06DBBF6B-B713-4370-BEE5-C2810CF7026D}.Release|Win32.Build.0 = Release|Win32
		{F0ACC795-F7C6-4CEE-840D-A17BC02D7141}.Debug|Win32.ActiveCfg = Debug|Win32
		{F0ACC795-F7C6-4CEE-840D-A17BC02D7141}.Debug|Win32.Build.0 = Debug|Win32
		{F0ACC795-F7C6-4CEE-840D-A17BC02D7141}.Release|Win32.ActiveCfg = Release|Win32
		{F0ACC795-F7C6-4CEE-840D-A17BC02D7141}.Release|Win32.Build.0 = Release|Win32
		{B8817648-5808-4483-B39D-55AD9C180086}.Debug|Win32.ActiveCfg = Debug|Win32
		{B8817648-5808-4483-B39D-55AD9C180086}.Debug|Win32.Build.0 = Debug|Win32
		{B8817648-5808-4483-B39D-55AD9C180086}.Release|Win32.ActiveCfg = Release|Win32
		{B8817648-5808-4483-B39D-55AD9C180086}.Release|Win32.Build.0 = Release|Win32
		{A35D6336-E27F-47C8-BD8C-356F97DC2846}.Debug|Win32.ActiveCfg = Debug|Win32
		{A35D6336-E27F-47C8-BD8C-356F97DC2846}.Debug|Win32.Build.0 = Debug|Win32
		{A35D6336-E27F-47C8-BD8C-356F97DC2846}.Release|Win32.ActiveCfg = Release|Win32
		{A35D6336-E27F-47C8-BD8C-356F97DC2846}.Release|Win32.Build.0 = Release|Win32
		{2E742CE0-402C-476E-8974-BAD3F5967057}.Debug|Win32.ActiveCfg = Debug|Win32
		{2E742CE0-402C-476E-8974-BAD3F5967057}.Debug|Win32.Build.0 = Debug|Win32
		{2E742CE0-402C-476E-8974-BAD3F5967057}.Release|Win32.ActiveCfg = Release|Win32
		{2E742CE0-402C-476E-8974-BAD3F5967057}.Release|Win32.Build.0 = Release|Win32
		{ABA94309-DE2C-4503-9096-230F9159773E}.Debug|Win32.ActiveCfg = Debug|Win32
		{ABA94309-DE2C-4503-9096-230F9159773E}.Debug|Win32.Build.0 = Debug|Win32
		{ABA94309-DE2C-4503-9096-230F9159773E}.Release|Win32.ActiveCfg = Release|Win32
		{ABA94309-DE2C-4503-9096-230F9159773E}.Release|Win32.Build.0 = Release|Win32
	EndGlobalSection
	GlobalSection(SolutionProperties) = preSolution
		HideSolutionNode = FALSE
	EndGlobalSection
EndGlobal
